
Microsoft Visual Studio Solution File, Format Version 12.00
# Visual Studio Version 17
VisualStudioVersion = 17.5.33502.453
MinimumVisualStudioVersion = 10.0.40219.1
Project("{FAE04EC0-301F-11D3-BF4B-00C04F79EFBC}") = "WinForms_Exercise_aka_Practic_Ex_3", "WinForms_Exercise_aka_Practic_Ex_3\WinForms_Exercise_aka_Practic_Ex_3.csproj", "{37D5D527-66AF-4FB2-9AE4-68A28DAE30D6}"
EndProject
Global
	GlobalSection(SolutionConfigurationPlatforms) = preSolution
		Debug|Any CPU = Debug|Any CPU
		Release|Any CPU = Release|Any CPU
	EndGlobalSection
	GlobalSection(ProjectConfigurationPlatforms) = postSolution
		{37D5D527-66AF-4FB2-9AE4-68A28DAE30D6}.Debug|Any CPU.ActiveCfg = Debug|Any CPU
		{37D5D527-66AF-4FB2-9AE4-68A28DAE30D6}.Debug|Any CPU.Build.0 = Debug|Any CPU
		{37D5D527-66AF-4FB2-9AE4-68A28DAE30D6}.Release|Any CPU.ActiveCfg = Release|Any CPU
		{37D5D527-66AF-4FB2-9AE4-68A28DAE30D6}.Release|Any CPU.Build.0 = Release|Any CPU
	EndGlobalSection
	GlobalSection(SolutionProperties) = preSolution
		HideSolutionNode = FALSE
	EndGlobalSection
	GlobalSection(ExtensibilityGlobals) = postSolution
		SolutionGuid = {3B9CD112-6509-4629-B161-E4D1FA4A81CD}
	EndGlobalSection
EndGlobal
